# This file is automatically @generated by Cargo.
# It is not intended for manual editing.
version = 4

[[package]]
name = "feedfold-core"
version = "0.1.0"

[[package]]
name = "feedfold-daemon"
version = "0.1.0"
dependencies = [
 "feedfold-core",
]

[[package]]
name = "feedfold-tui"
version = "0.1.0"
dependencies = [
 "feedfold-core",
]
